
Microsoft Visual Studio Solution File, Format Version 12.00
# Visual Studio Version 17
VisualStudioVersion = 17.4.33205.214
MinimumVisualStudioVersion = 10.0.40219.1
Project("{FAE04EC0-301F-11D3-BF4B-00C04F79EFBC}") = "Interview", "Interview.csproj", "{422B7438-6555-4B87-8C67-ADB298FD4C31}"
EndProject
Global
	GlobalSection(SolutionConfigurationPlatforms) = preSolution
		Debug|Any CPU = Debug|Any CPU
		Release|Any CPU = Release|Any CPU
	EndGlobalSection
	GlobalSection(ProjectConfigurationPlatforms) = postSolution
		{422B7438-6555-4B87-8C67-ADB298FD4C31}.Debug|Any CPU.ActiveCfg = Debug|Any CPU
		{422B7438-6555-4B87-8C67-ADB298FD4C31}.Debug|Any CPU.Build.0 = Debug|Any CPU
		{422B7438-6555-4B87-8C67-ADB298FD4C31}.Release|Any CPU.ActiveCfg = Release|Any CPU
		{422B7438-6555-4B87-8C67-ADB298FD4C31}.Release|Any CPU.Build.0 = Release|Any CPU
	EndGlobalSection
	GlobalSection(SolutionProperties) = preSolution
		HideSolutionNode = FALSE
	EndGlobalSection
	GlobalSection(ExtensibilityGlobals) = postSolution
		SolutionGuid = {ED756E17-A395-4CD1-A6AD-1C834E6A65EF}
	EndGlobalSection
EndGlobal
